// !$*UTF8*$!
{
	archiveVersion = 1;
	classes = {
	};
	objectVersion = 55;
	objects = {

/* Begin PBXBuildFile section */
		7D7B658227BE74820026B16F /* Rates.swift in Sources */ = {isa = PBXBuildFile; fileRef = 7D7B658127BE74820026B16F /* Rates.swift */; };
		7D9297D5279EE4DD00697523 /* AppDelegate.swift in Sources */ = {isa = PBXBuildFile; fileRef = 7D9297D4279EE4DD00697523 /* AppDelegate.swift */; };
		7D9297D7279EE4DD00697523 /* SceneDelegate.swift in Sources */ = {isa = PBXBuildFile; fileRef = 7D9297D6279EE4DD00697523 /* SceneDelegate.swift */; };
		7D9297D9279EE4DD00697523 /* ViewController.swift in Sources */ = {isa = PBXBuildFile; fileRef = 7D9297D8279EE4DD00697523 /* ViewController.swift */; };
		7D9297DC279EE4DD00697523 /* Main.storyboard in Resources */ = {isa = PBXBuildFile; fileRef = 7D9297DA279EE4DD00697523 /* Main.storyboard */; };
		7D9297DE279EE4E000697523 /* Assets.xcassets in Resources */ = {isa = PBXBuildFile; fileRef = 7D9297DD279EE4E000697523 /* Assets.xcassets */; };
		7D9297E1279EE4E000697523 /* LaunchScreen.storyboard in Resources */ = {isa = PBXBuildFile; fileRef = 7D9297DF279EE4E000697523 /* LaunchScreen.storyboard */; };
		7D9297EC279EEAD800697523 /* Presenter.swift in Sources */ = {isa = PBXBuildFile; fileRef = 7D9297EB279EEAD800697523 /* Presenter.swift */; };
		7DB57D41279FE2F60056414F /* Country.swift in Sources */ = {isa = PBXBuildFile; fileRef = 7DB57D40279FE2F60056414F /* Country.swift */; };
		7DB57D43279FEDA30056414F /* ViewOutputDelegate.swift in Sources */ = {isa = PBXBuildFile; fileRef = 7DB57D42279FEDA30056414F /* ViewOutputDelegate.swift */; };
		7DB57D45279FEEA70056414F /* ViewInputDelegate.swift in Sources */ = {isa = PBXBuildFile; fileRef = 7DB57D44279FEEA70056414F /* ViewInputDelegate.swift */; };
/* End PBXBuildFile section */

/* Begin PBXFileReference section */
		7D7B658127BE74820026B16F /* Rates.swift */ = {isa = PBXFileReference; lastKnownFileType = sourcecode.swift; path = Rates.swift; sourceTree = "<group>"; };
		7D9297D1279EE4DD00697523 /* CurrencyConverter.app */ = {isa = PBXFileReference; explicitFileType = wrapper.application; includeInIndex = 0; path = CurrencyConverter.app; sourceTree = BUILT_PRODUCTS_DIR; };
		7D9297D4279EE4DD00697523 /* AppDelegate.swift */ = {isa = PBXFileReference; lastKnownFileType = sourcecode.swift; path = AppDelegate.swift; sourceTree = "<group>"; };
		7D9297D6279EE4DD00697523 /* SceneDelegate.swift */ = {isa = PBXFileReference; lastKnownFileType = sourcecode.swift; path = SceneDelegate.swift; sourceTree = "<group>"; };
		7D9297D8279EE4DD00697523 /* ViewController.swift */ = {isa = PBXFileReference; lastKnownFileType = sourcecode.swift; path = ViewController.swift; sourceTree = "<group>"; };
		7D9297DB279EE4DD00697523 /* Base */ = {isa = PBXFileReference; lastKnownFileType = file.storyboard; name = Base; path = Base.lproj/Main.storyboard; sourceTree = "<group>"; };
		7D9297DD279EE4E000697523 /* Assets.xcassets */ = {isa = PBXFileReference; lastKnownFileType = folder.assetcatalog; path = Assets.xcassets; sourceTree = "<group>"; };
		7D9297E0279EE4E000697523 /* Base */ = {isa = PBXFileReference; lastKnownFileType = file.storyboard; name = Base; path = Base.lproj/LaunchScreen.storyboard; sourceTree = "<group>"; };
		7D9297E2279EE4E000697523 /* Info.plist */ = {isa = PBXFileReference; lastKnownFileType = text.plist.xml; path = Info.plist; sourceTree = "<group>"; };
		7D9297EB279EEAD800697523 /* Presenter.swift */ = {isa = PBXFileReference; lastKnownFileType = sourcecode.swift; path = Presenter.swift; sourceTree = "<group>"; };
		7DB57D40279FE2F60056414F /* Country.swift */ = {isa = PBXFileReference; lastKnownFileType = sourcecode.swift; path = Country.swift; sourceTree = "<group>"; };
		7DB57D42279FEDA30056414F /* ViewOutputDelegate.swift */ = {isa = PBXFileReference; lastKnownFileType = sourcecode.swift; path = ViewOutputDelegate.swift; sourceTree = "<group>"; };
		7DB57D44279FEEA70056414F /* ViewInputDelegate.swift */ = {isa = PBXFileReference; lastKnownFileType = sourcecode.swift; path = ViewInputDelegate.swift; sourceTree = "<group>"; };
/* End PBXFileReference section */

/* Begin PBXFrameworksBuildPhase section */
		7D9297CE279EE4DD00697523 /* Frameworks */ = {
			isa = PBXFrameworksBuildPhase;
			buildActionMask = 2147483647;
			files = (
			);
			runOnlyForDeploymentPostprocessing = 0;
		};
/* End PBXFrameworksBuildPhase section */

/* Begin PBXGroup section */
		7D9297C8279EE4DD00697523 = {
			isa = PBXGroup;
			children = (
				7D9297D3279EE4DD00697523 /* CurrencyConverter */,
				7D9297D2279EE4DD00697523 /* Products */,
			);
			sourceTree = "<group>";
		};
		7D9297D2279EE4DD00697523 /* Products */ = {
			isa = PBXGroup;
			children = (
				7D9297D1279EE4DD00697523 /* CurrencyConverter.app */,
			);
			name = Products;
			sourceTree = "<group>";
		};
		7D9297D3279EE4DD00697523 /* CurrencyConverter */ = {
			isa = PBXGroup;
			children = (
				7D9297EA279EEA8000697523 /* Presenters */,
				7D9297E9279EEA5E00697523 /* Models */,
				7D9297E8279EEA4200697523 /* Views */,
				7D9297D4279EE4DD00697523 /* AppDelegate.swift */,
				7D9297D6279EE4DD00697523 /* SceneDelegate.swift */,
				7D9297DA279EE4DD00697523 /* Main.storyboard */,
				7D9297DD279EE4E000697523 /* Assets.xcassets */,
				7D9297DF279EE4E000697523 /* LaunchScreen.storyboard */,
				7D9297E2279EE4E000697523 /* Info.plist */,
			);
			path = CurrencyConverter;
			sourceTree = "<group>";
		};
		7D9297E8279EEA4200697523 /* Views */ = {
			isa = PBXGroup;
			children = (
				7D9297D8279EE4DD00697523 /* ViewController.swift */,
				7DB57D42279FEDA30056414F /* ViewOutputDelegate.swift */,
				7DB57D44279FEEA70056414F /* ViewInputDelegate.swift */,
			);
			path = Views;
			sourceTree = "<group>";
		};
		7D9297E9279EEA5E00697523 /* Models */ = {
			isa = PBXGroup;
			children = (
				7DB57D40279FE2F60056414F /* Country.swift */,
				7D7B658127BE74820026B16F /* Rates.swift */,
			);
			path = Models;
			sourceTree = "<group>";
		};
		7D9297EA279EEA8000697523 /* Presenters */ = {
			isa = PBXGroup;
			children = (
				7D9297EB279EEAD800697523 /* Presenter.swift */,
			);
			path = Presenters;
			sourceTree = "<group>";
		};
/* End PBXGroup section */

/* Begin PBXNativeTarget section */
		7D9297D0279EE4DD00697523 /* CurrencyConverter */ = {
			isa = PBXNativeTarget;
			buildConfigurationList = 7D9297E5279EE4E000697523 /* Build configuration list for PBXNativeTarget "CurrencyConverter" */;
			buildPhases = (
				7D9297CD279EE4DD00697523 /* Sources */,
				7D9297CE279EE4DD00697523 /* Frameworks */,
				7D9297CF279EE4DD00697523 /* Resources */,
			);
			buildRules = (
			);
			dependencies = (
			);
			name = CurrencyConverter;
			productName = CurrencyConverter;
			productReference = 7D9297D1279EE4DD00697523 /* CurrencyConverter.app */;
			productType = "com.apple.product-type.application";
		};
/* End PBXNativeTarget section */

/* Begin PBXProject section */
		7D9297C9279EE4DD00697523 /* Project object */ = {
			isa = PBXProject;
			attributes = {
				BuildIndependentTargetsInParallel = 1;
				LastSwiftUpdateCheck = 1320;
				LastUpgradeCheck = 1320;
				TargetAttributes = {
					7D9297D0279EE4DD00697523 = {
						CreatedOnToolsVersion = 13.2;
					};
				};
			};
			buildConfigurationList = 7D9297CC279EE4DD00697523 /* Build configuration list for PBXProject "CurrencyConverter" */;
			compatibilityVersion = "Xcode 13.0";
			developmentRegion = en;
			hasScannedForEncodings = 0;
			knownRegions = (
				en,
				Base,
			);
			mainGroup = 7D9297C8279EE4DD00697523;
			productRefGroup = 7D9297D2279EE4DD00697523 /* Products */;
			projectDirPath = "";
			projectRoot = "";
			targets = (
				7D9297D0279EE4DD00697523 /* CurrencyConverter */,
			);
		};
/* End PBXProject section */

/* Begin PBXResourcesBuildPhase section */
		7D9297CF279EE4DD00697523 /* Resources */ = {
			isa = PBXResourcesBuildPhase;
			buildActionMask = 2147483647;
			files = (
				7D9297E1279EE4E000697523 /* LaunchScreen.storyboard in Resources */,
				7D9297DE279EE4E000697523 /* Assets.xcassets in Resources */,
				7D9297DC279EE4DD00697523 /* Main.storyboard in Resources */,
			);
			runOnlyForDeploymentPostprocessing = 0;
		};
/* End PBXResourcesBuildPhase section */

/* Begin PBXSourcesBuildPhase section */
		7D9297CD279EE4DD00697523 /* Sources */ = {
			isa = PBXSourcesBuildPhase;
			buildActionMask = 2147483647;
			files = (
				7D9297D9279EE4DD00697523 /* ViewController.swift in Sources */,
				7D9297D5279EE4DD00697523 /* AppDelegate.swift in Sources */,
				7DB57D43279FEDA30056414F /* ViewOutputDelegate.swift in Sources */,
				7D9297EC279EEAD800697523 /* Presenter.swift in Sources */,
				7DB57D41279FE2F60056414F /* Country.swift in Sources */,
				7D7B658227BE74820026B16F /* Rates.swift in Sources */,
				7D9297D7279EE4DD00697523 /* SceneDelegate.swift in Sources */,
				7DB57D45279FEEA70056414F /* ViewInputDelegate.swift in Sources */,
			);
			runOnlyForDeploymentPostprocessing = 0;
		};
/* End PBXSourcesBuildPhase section */

/* Begin PBXVariantGroup section */
		7D9297DA279EE4DD00697523 /* Main.storyboard */ = {
			isa = PBXVariantGroup;
			children = (
				7D9297DB279EE4DD00697523 /* Base */,
			);
			name = Main.storyboard;
			sourceTree = "<group>";
		};
		7D9297DF279EE4E000697523 /* LaunchScreen.storyboard */ = {
			isa = PBXVariantGroup;
			children = (
				7D9297E0279EE4E000697523 /* Base */,
			);
			name = LaunchScreen.storyboard;
			sourceTree = "<group>";
		};
/* End PBXVariantGroup section */

/* Begin XCBuildConfiguration section */
		7D9297E3279EE4E000697523 /* Debug */ = {
			isa = XCBuildConfiguration;
			buildSettings = {
				ALWAYS_SEARCH_USER_PATHS = NO;
				CLANG_ANALYZER_NONNULL = YES;
				CLANG_ANALYZER_NUMBER_OBJECT_CONVERSION = YES_AGGRESSIVE;
				CLANG_CXX_LANGUAGE_STANDARD = "gnu++17";
				CLANG_CXX_LIBRARY = "libc++";
				CLANG_ENABLE_MODULES = YES;
				CLANG_ENABLE_OBJC_ARC = YES;
				CLANG_ENABLE_OBJC_WEAK = YES;
				CLANG_WARN_BLOCK_CAPTURE_AUTORELEASING = YES;
				CLANG_WARN_BOOL_CONVERSION = YES;
				CLANG_WARN_COMMA = YES;
				CLANG_WARN_CONSTANT_CONVERSION = YES;
				CLANG_WARN_DEPRECATED_OBJC_IMPLEMENTATIONS = YES;
				CLANG_WARN_DIRECT_OBJC_ISA_USAGE = YES_ERROR;
				CLANG_WARN_DOCUMENTATION_COMMENTS = YES;
				CLANG_WARN_EMPTY_BODY = YES;
				CLANG_WARN_ENUM_CONVERSION = YES;
				CLANG_WARN_INFINITE_RECURSION = YES;
				CLANG_WARN_INT_CONVERSION = YES;
				CLANG_WARN_NON_LITERAL_NULL_CONVERSION = YES;
				CLANG_WARN_OBJC_IMPLICIT_RETAIN_SELF = YES;
				CLANG_WARN_OBJC_LITERAL_CONVERSION = YES;
				CLANG_WARN_OBJC_ROOT_CLASS = YES_ERROR;
				CLANG_WARN_QUOTED_INCLUDE_IN_FRAMEWORK_HEADER = YES;
				CLANG_WARN_RANGE_LOOP_ANALYSIS = YES;
				CLANG_WARN_STRICT_PROTOTYPES = YES;
				CLANG_WARN_SUSPICIOUS_MOVE = YES;
				CLANG_WARN_UNGUARDED_AVAILABILITY = YES_AGGRESSIVE;
				CLANG_WARN_UNREACHABLE_CODE = YES;
				CLANG_WARN__DUPLICATE_METHOD_MATCH = YES;
				COPY_PHASE_STRIP = NO;
				DEBUG_INFORMATION_FORMAT = dwarf;
				ENABLE_STRICT_OBJC_MSGSEND = YES;
				ENABLE_TESTABILITY = YES;
				GCC_C_LANGUAGE_STANDARD = gnu11;
				GCC_DYNAMIC_NO_PIC = NO;
				GCC_NO_COMMON_BLOCKS = YES;
				GCC_OPTIMIZATION_LEVEL = 0;
				GCC_PREPROCESSOR_DEFINITIONS = (
					"DEBUG=1",
					"$(inherited)",
				);
				GCC_WARN_64_TO_32_BIT_CONVERSION = YES;
				GCC_WARN_ABOUT_RETURN_TYPE = YES_ERROR;
				GCC_WARN_UNDECLARED_SELECTOR = YES;
				GCC_WARN_UNINITIALIZED_AUTOS = YES_AGGRESSIVE;
				GCC_WARN_UNUSED_FUNCTION = YES;
				GCC_WARN_UNUSED_VARIABLE = YES;
				IPHONEOS_DEPLOYMENT_TARGET = 15.2;
				MTL_ENABLE_DEBUG_INFO = INCLUDE_SOURCE;
				MTL_FAST_MATH = YES;
				ONLY_ACTIVE_ARCH = YES;
				SDKROOT = iphoneos;
				SWIFT_ACTIVE_COMPILATION_CONDITIONS = DEBUG;
				SWIFT_OPTIMIZATION_LEVEL = "-Onone";
			};
			name = Debug;
		};
		7D9297E4279EE4E000697523 /* Release */ = {
			isa = XCBuildConfiguration;
			buildSettings = {
				ALWAYS_SEARCH_USER_PATHS = NO;
				CLANG_ANALYZER_NONNULL = YES;
				CLANG_ANALYZER_NUMBER_OBJECT_CONVERSION = YES_AGGRESSIVE;
				CLANG_CXX_LANGUAGE_STANDARD = "gnu++17";
				CLANG_CXX_LIBRARY = "libc++";
				CLANG_ENABLE_MODULES = YES;
				CLANG_ENABLE_OBJC_ARC = YES;
				CLANG_ENABLE_OBJC_WEAK = YES;
				CLANG_WARN_BLOCK_CAPTURE_AUTORELEASING = YES;
				CLANG_WARN_BOOL_CONVERSION = YES;
				CLANG_WARN_COMMA = YES;
				CLANG_WARN_CONSTANT_CONVERSION = YES;
				CLANG_WARN_DEPRECATED_OBJC_IMPLEMENTATIONS = YES;
				CLANG_WARN_DIRECT_OBJC_ISA_USAGE = YES_ERROR;
				CLANG_WARN_DOCUMENTATION_COMMENTS = YES;
				CLANG_WARN_EMPTY_BODY = YES;
				CLANG_WARN_ENUM_CONVERSION = YES;
				CLANG_WARN_INFINITE_RECURSION = YES;
				CLANG_WARN_INT_CONVERSION = YES;
				CLANG_WARN_NON_LITERAL_NULL_CONVERSION = YES;
				CLANG_WARN_OBJC_IMPLICIT_RETAIN_SELF = YES;
				CLANG_WARN_OBJC_LITERAL_CONVERSION = YES;
				CLANG_WARN_OBJC_ROOT_CLASS = YES_ERROR;
				CLANG_WARN_QUOTED_INCLUDE_IN_FRAMEWORK_HEADER = YES;
				CLANG_WARN_RANGE_LOOP_ANALYSIS = YES;
				CLANG_WARN_STRICT_PROTOTYPES = YES;
				CLANG_WARN_SUSPICIOUS_MOVE = YES;
				CLANG_WARN_UNGUARDED_AVAILABILITY = YES_AGGRESSIVE;
				CLANG_WARN_UNREACHABLE_CODE = YES;
				CLANG_WARN__DUPLICATE_METHOD_MATCH = YES;
				COPY_PHASE_STRIP = NO;
				DEBUG_INFORMATION_FORMAT = "dwarf-with-dsym";
				ENABLE_NS_ASSERTIONS = NO;
				ENABLE_STRICT_OBJC_MSGSEND = YES;
				GCC_C_LANGUAGE_STANDARD = gnu11;
				GCC_NO_COMMON_BLOCKS = YES;
				GCC_WARN_64_TO_32_BIT_CONVERSION = YES;
				GCC_WARN_ABOUT_RETURN_TYPE = YES_ERROR;
				GCC_WARN_UNDECLARED_SELECTOR = YES;
				GCC_WARN_UNINITIALIZED_AUTOS = YES_AGGRESSIVE;
				GCC_WARN_UNUSED_FUNCTION = YES;
				GCC_WARN_UNUSED_VARIABLE = YES;
				IPHONEOS_DEPLOYMENT_TARGET = 15.2;
				MTL_ENABLE_DEBUG_INFO = NO;
				MTL_FAST_MATH = YES;
				SDKROOT = iphoneos;
				SWIFT_COMPILATION_MODE = wholemodule;
				SWIFT_OPTIMIZATION_LEVEL = "-O";
				VALIDATE_PRODUCT = YES;
			};
			name = Release;
		};
		7D9297E6279EE4E000697523 /* Debug */ = {
			isa = XCBuildConfiguration;
			buildSettings = {
				ASSETCATALOG_COMPILER_APPICON_NAME = AppIcon;
				ASSETCATALOG_COMPILER_GLOBAL_ACCENT_COLOR_NAME = AccentColor;
				CODE_SIGN_STYLE = Automatic;
				CURRENT_PROJECT_VERSION = 1;
				GENERATE_INFOPLIST_FILE = YES;
				INFOPLIST_FILE = CurrencyConverter/Info.plist;
				INFOPLIST_KEY_UIApplicationSupportsIndirectInputEvents = YES;
				INFOPLIST_KEY_UILaunchStoryboardName = LaunchScreen;
				INFOPLIST_KEY_UIMainStoryboardFile = Main;
				INFOPLIST_KEY_UISupportedInterfaceOrientations_iPad = "UIInterfaceOrientationPortrait UIInterfaceOrientationPortraitUpsideDown UIInterfaceOrientationLandscapeLeft UIInterfaceOrientationLandscapeRight";
				INFOPLIST_KEY_UISupportedInterfaceOrientations_iPhone = "UIInterfaceOrientationPortrait UIInterfaceOrientationLandscapeLeft UIInterfaceOrientationLandscapeRight";
				LD_RUNPATH_SEARCH_PATHS = (
					"$(inherited)",
					"@executable_path/Frameworks",
				);
				MARKETING_VERSION = 1.0;
				PRODUCT_BUNDLE_IDENTIFIER = Ivan.CurrencyConverter;
				PRODUCT_NAME = "$(TARGET_NAME)";
				SWIFT_EMIT_LOC_STRINGS = YES;
				SWIFT_VERSION = 5.0;
				TARGETED_DEVICE_FAMILY = "1,2";
			};
			name = Debug;
		};
		7D9297E7279EE4E000697523 /* Release */ = {
			isa = XCBuildConfiguration;
			buildSettings = {
				ASSETCATALOG_COMPILER_APPICON_NAME = AppIcon;
				ASSETCATALOG_COMPILER_GLOBAL_ACCENT_COLOR_NAME = AccentColor;
				CODE_SIGN_STYLE = Automatic;
				CURRENT_PROJECT_VERSION = 1;
				GENERATE_INFOPLIST_FILE = YES;
				INFOPLIST_FILE = CurrencyConverter/Info.plist;
				INFOPLIST_KEY_UIApplicationSupportsIndirectInputEvents = YES;
				INFOPLIST_KEY_UILaunchStoryboardName = LaunchScreen;
				INFOPLIST_KEY_UIMainStoryboardFile = Main;
				INFOPLIST_KEY_UISupportedInterfaceOrientations_iPad = "UIInterfaceOrientationPortrait UIInterfaceOrientationPortraitUpsideDown UIInterfaceOrientationLandscapeLeft UIInterfaceOrientationLandscapeRight";
				INFOPLIST_KEY_UISupportedInterfaceOrientations_iPhone = "UIInterfaceOrientationPortrait UIInterfaceOrientationLandscapeLeft UIInterfaceOrientationLandscapeRight";
				LD_RUNPATH_SEARCH_PATHS = (
					"$(inherited)",
					"@executable_path/Frameworks",
				);
				MARKETING_VERSION = 1.0;
				PRODUCT_BUNDLE_IDENTIFIER = Ivan.CurrencyConverter;
				PRODUCT_NAME = "$(TARGET_NAME)";
				SWIFT_EMIT_LOC_STRINGS = YES;
				SWIFT_VERSION = 5.0;
				TARGETED_DEVICE_FAMILY = "1,2";
			};
			name = Release;
		};
/* End XCBuildConfiguration section */

/* Begin XCConfigurationList section */
		7D9297CC279EE4DD00697523 /* Build configuration list for PBXProject "CurrencyConverter" */ = {
			isa = XCConfigurationList;
			buildConfigurations = (
				7D9297E3279EE4E000697523 /* Debug */,
				7D9297E4279EE4E000697523 /* Release */,
			);
			defaultConfigurationIsVisible = 0;
			defaultConfigurationName = Release;
		};
		7D9297E5279EE4E000697523 /* Build configuration list for PBXNativeTarget "CurrencyConverter" */ = {
			isa = XCConfigurationList;
			buildConfigurations = (
				7D9297E6279EE4E000697523 /* Debug */,
				7D9297E7279EE4E000697523 /* Release */,
			);
			defaultConfigurationIsVisible = 0;
			defaultConfigurationName = Release;
		};
/* End XCConfigurationList section */
	};
	rootObject = 7D9297C9279EE4DD00697523 /* Project object */;
}
